
Microsoft Visual Studio Solution File, Format Version 12.00
# Visual Studio 15
Project("{FAE04EC0-301F-11D3-BF4B-00C04F79EFBC}") = "Phoneword_iOS", "Phoneword_iOS\Phoneword_iOS.csproj", "{19460509-A526-4282-A4F3-CB185885A7C6}"
EndProject
Global
	GlobalSection(SolutionConfigurationPlatforms) = preSolution
		Debug|iPhoneSimulator = Debug|iPhoneSimulator
		Release|iPhoneSimulator = Release|iPhoneSimulator
		Debug|iPhone = Debug|iPhone
		Release|iPhone = Release|iPhone
	EndGlobalSection
	GlobalSection(ProjectConfigurationPlatforms) = postSolution
		{19460509-A526-4282-A4F3-CB185885A7C6}.Debug|iPhoneSimulator.ActiveCfg = Debug|iPhoneSimulator
		{19460509-A526-4282-A4F3-CB185885A7C6}.Debug|iPhoneSimulator.Build.0 = Debug|iPhoneSimulator
		{19460509-A526-4282-A4F3-CB185885A7C6}.Release|iPhoneSimulator.ActiveCfg = Release|iPhoneSimulator
		{19460509-A526-4282-A4F3-CB185885A7C6}.Release|iPhoneSimulator.Build.0 = Release|iPhoneSimulator
		{19460509-A526-4282-A4F3-CB185885A7C6}.Debug|iPhone.ActiveCfg = Debug|iPhone
		{19460509-A526-4282-A4F3-CB185885A7C6}.Debug|iPhone.Build.0 = Debug|iPhone
		{19460509-A526-4282-A4F3-CB185885A7C6}.Release|iPhone.ActiveCfg = Release|iPhone
		{19460509-A526-4282-A4F3-CB185885A7C6}.Release|iPhone.Build.0 = Release|iPhone
	EndGlobalSection
EndGlobal
